// !$*UTF8*$!
{
	archiveVersion = 1;
	classes = {
	};
	objectVersion = 46;
	objects = {

/* Begin PBXBuildFile section */
		8A0DC0391A2DB7D8001C6130 /* 312%2BUXh7C8L.jpg in Resources */ = {isa = PBXBuildFile; fileRef = 8A0DC0231A2DB7D8001C6130 /* 312%2BUXh7C8L.jpg */; };
		8A0DC03A1A2DB7D8001C6130 /* 31S%2B2GIZObL.jpg in Resources */ = {isa = PBXBuildFile; fileRef = 8A0DC0241A2DB7D8001C6130 /* 31S%2B2GIZObL.jpg */; };
		8A0DC03B1A2DB7D8001C6130 /* 412WftTrYqL.jpg in Resources */ = {isa = PBXBuildFile; fileRef = 8A0DC0251A2DB7D8001C6130 /* 412WftTrYqL.jpg */; };
		8A0DC03C1A2DB7D8001C6130 /* 41GnOUIbWOL.jpg in Resources */ = {isa = PBXBuildFile; fileRef = 8A0DC0261A2DB7D8001C6130 /* 41GnOUIbWOL.jpg */; };
		8A0DC03D1A2DB7D8001C6130 /* 41kLYA8cP4L.jpg in Resources */ = {isa = PBXBuildFile; fileRef = 8A0DC0271A2DB7D8001C6130 /* 41kLYA8cP4L.jpg */; };
		8A0DC03E1A2DB7D8001C6130 /* 41n0Os9KHLL.jpg in Resources */ = {isa = PBXBuildFile; fileRef = 8A0DC0281A2DB7D8001C6130 /* 41n0Os9KHLL.jpg */; };
		8A0DC03F1A2DB7D8001C6130 /* 41qF-m0vZkL.jpg in Resources */ = {isa = PBXBuildFile; fileRef = 8A0DC0291A2DB7D8001C6130 /* 41qF-m0vZkL.jpg */; };
		8A0DC0401A2DB7D8001C6130 /* 41S8vG7rQlL.jpg in Resources */ = {isa = PBXBuildFile; fileRef = 8A0DC02A1A2DB7D8001C6130 /* 41S8vG7rQlL.jpg */; };
		8A0DC0411A2DB7D8001C6130 /* 41VsLpRfqpL.jpg in Resources */ = {isa = PBXBuildFile; fileRef = 8A0DC02B1A2DB7D8001C6130 /* 41VsLpRfqpL.jpg */; };
		8A0DC0421A2DB7D8001C6130 /* 41WcY-diReL.jpg in Resources */ = {isa = PBXBuildFile; fileRef = 8A0DC02C1A2DB7D8001C6130 /* 41WcY-diReL.jpg */; };
		8A0DC0431A2DB7D8001C6130 /* 41WuBlF4IUL.jpg in Resources */ = {isa = PBXBuildFile; fileRef = 8A0DC02D1A2DB7D8001C6130 /* 41WuBlF4IUL.jpg */; };
		8A0DC0441A2DB7D8001C6130 /* 41XiCTi5jML.jpg in Resources */ = {isa = PBXBuildFile; fileRef = 8A0DC02E1A2DB7D8001C6130 /* 41XiCTi5jML.jpg */; };
		8A0DC0451A2DB7D8001C6130 /* 512JkxYKsTL.jpg in Resources */ = {isa = PBXBuildFile; fileRef = 8A0DC02F1A2DB7D8001C6130 /* 512JkxYKsTL.jpg */; };
		8A0DC0461A2DB7D8001C6130 /* 51ElcbVgySL.jpg in Resources */ = {isa = PBXBuildFile; fileRef = 8A0DC0301A2DB7D8001C6130 /* 51ElcbVgySL.jpg */; };
		8A0DC0471A2DB7D8001C6130 /* 51GafNKOBmL.jpg in Resources */ = {isa = PBXBuildFile; fileRef = 8A0DC0311A2DB7D8001C6130 /* 51GafNKOBmL.jpg */; };
		8A0DC0481A2DB7D8001C6130 /* 51Gzb7dY37L.jpg in Resources */ = {isa = PBXBuildFile; fileRef = 8A0DC0321A2DB7D8001C6130 /* 51Gzb7dY37L.jpg */; };
		8A0DC0491A2DB7D8001C6130 /* 51HyupvuV%2BL.jpg in Resources */ = {isa = PBXBuildFile; fileRef = 8A0DC0331A2DB7D8001C6130 /* 51HyupvuV%2BL.jpg */; };
		8A0DC04A1A2DB7D8001C6130 /* 51ulDPIMv7L.jpg in Resources */ = {isa = PBXBuildFile; fileRef = 8A0DC0341A2DB7D8001C6130 /* 51ulDPIMv7L.jpg */; };
		8A0DC04B1A2DB7D8001C6130 /* 51WW6eiS6BL.jpg in Resources */ = {isa = PBXBuildFile; fileRef = 8A0DC0351A2DB7D8001C6130 /* 51WW6eiS6BL.jpg */; };
		8A0DC04C1A2DB7D8001C6130 /* 61NyCTvbKzL.jpg in Resources */ = {isa = PBXBuildFile; fileRef = 8A0DC0361A2DB7D8001C6130 /* 61NyCTvbKzL.jpg */; };
		8A0DC04D1A2DB7D8001C6130 /* 61rvu9eUiXL.jpg in Resources */ = {isa = PBXBuildFile; fileRef = 8A0DC0371A2DB7D8001C6130 /* 61rvu9eUiXL.jpg */; };
		8A0DC04E1A2DB7D8001C6130 /* hello.jpg in Resources */ = {isa = PBXBuildFile; fileRef = 8A0DC0381A2DB7D8001C6130 /* hello.jpg */; };
		8A0DC05F1A2DBDF6001C6130 /* 416hB63JUPL.jpg in Resources */ = {isa = PBXBuildFile; fileRef = 8A0DC04F1A2DBDF6001C6130 /* 416hB63JUPL.jpg */; };
		8A0DC0601A2DBDF6001C6130 /* 411ez6ixZ2L.jpg in Resources */ = {isa = PBXBuildFile; fileRef = 8A0DC0501A2DBDF6001C6130 /* 411ez6ixZ2L.jpg */; };
		8A0DC0611A2DBDF6001C6130 /* 410WBREF71L.jpg in Resources */ = {isa = PBXBuildFile; fileRef = 8A0DC0511A2DBDF6001C6130 /* 410WBREF71L.jpg */; };
		8A0DC0621A2DBDF6001C6130 /* 316JNzLx9mL.jpg in Resources */ = {isa = PBXBuildFile; fileRef = 8A0DC0521A2DBDF6001C6130 /* 316JNzLx9mL.jpg */; };
		8A0DC0631A2DBDF6001C6130 /* 51Wf1sLMaKL.jpg in Resources */ = {isa = PBXBuildFile; fileRef = 8A0DC0531A2DBDF6001C6130 /* 51Wf1sLMaKL.jpg */; };
		8A0DC0641A2DBDF6001C6130 /* 51NpdYpNDpL.jpg in Resources */ = {isa = PBXBuildFile; fileRef = 8A0DC0541A2DBDF6001C6130 /* 51NpdYpNDpL.jpg */; };
		8A0DC0651A2DBDF6001C6130 /* 41y%2B28yjoTL.jpg in Resources */ = {isa = PBXBuildFile; fileRef = 8A0DC0551A2DBDF6001C6130 /* 41y%2B28yjoTL.jpg */; };
		8A0DC0661A2DBDF6001C6130 /* 41SW9cl3PdL.jpg in Resources */ = {isa = PBXBuildFile; fileRef = 8A0DC0561A2DBDF6001C6130 /* 41SW9cl3PdL.jpg */; };
		8A0DC0671A2DBDF6001C6130 /* 41Iw5pUfTPL.jpg in Resources */ = {isa = PBXBuildFile; fileRef = 8A0DC0571A2DBDF6001C6130 /* 41Iw5pUfTPL.jpg */; };
		8A0DC0681A2DBDF6001C6130 /* 41Dl4hOnNVL.jpg in Resources */ = {isa = PBXBuildFile; fileRef = 8A0DC0581A2DBDF6001C6130 /* 41Dl4hOnNVL.jpg */; };
		8A0DC0691A2DBDF6001C6130 /* 41d8r2ivekL.jpg in Resources */ = {isa = PBXBuildFile; fileRef = 8A0DC0591A2DBDF6001C6130 /* 41d8r2ivekL.jpg */; };
		8A0DC06A1A2DBDF6001C6130 /* 41cHVop1j%2BL.jpg in Resources */ = {isa = PBXBuildFile; fileRef = 8A0DC05A1A2DBDF6001C6130 /* 41cHVop1j%2BL.jpg */; };
		8A0DC06B1A2DBDF6001C6130 /* 31OPiySfkXL.jpg in Resources */ = {isa = PBXBuildFile; fileRef = 8A0DC05B1A2DBDF6001C6130 /* 31OPiySfkXL.jpg */; };
		8A0DC06C1A2DBDF6001C6130 /* 31FRT1bKsFL.jpg in Resources */ = {isa = PBXBuildFile; fileRef = 8A0DC05C1A2DBDF6001C6130 /* 31FRT1bKsFL.jpg */; };
		8A0DC06D1A2DBDF6001C6130 /* 31e0PRO0Q%2BL.jpg in Resources */ = {isa = PBXBuildFile; fileRef = 8A0DC05D1A2DBDF6001C6130 /* 31e0PRO0Q%2BL.jpg */; };
		8A0DC06E1A2DBDF6001C6130 /* 31%2BA88eZVBL.jpg in Resources */ = {isa = PBXBuildFile; fileRef = 8A0DC05E1A2DBDF6001C6130 /* 31%2BA88eZVBL.jpg */; };
		8A0DC0701A2DBFFA001C6130 /* 41MJ1L75TcL.jpg in Resources */ = {isa = PBXBuildFile; fileRef = 8A0DC06F1A2DBFFA001C6130 /* 41MJ1L75TcL.jpg */; };
		8A0DC0731A3008CC001C6130 /* BarcoderViewController.m in Sources */ = {isa = PBXBuildFile; fileRef = 8A0DC0721A3008CC001C6130 /* BarcoderViewController.m */; };
		8AB62AE91A277A0E008A94B3 /* creme_brulee.jpg in Resources */ = {isa = PBXBuildFile; fileRef = 8AB62AE81A277A0E008A94B3 /* creme_brulee.jpg */; };
		CF021AAA1A2513A700EF0353 /* CartTableViewController.m in Sources */ = {isa = PBXBuildFile; fileRef = CF021AA91A2513A700EF0353 /* CartTableViewController.m */; };
		CF021AAE1A2516ED00EF0353 /* genius_icon.png in Resources */ = {isa = PBXBuildFile; fileRef = CF021AAD1A2516ED00EF0353 /* genius_icon.png */; };
		CF021AB01A25172400EF0353 /* genius_icon_small.png in Resources */ = {isa = PBXBuildFile; fileRef = CF021AAF1A25172400EF0353 /* genius_icon_small.png */; };
		CF114FA51A11FEA400D34042 /* AVFoundation.framework in Frameworks */ = {isa = PBXBuildFile; fileRef = CF114FA41A11FEA400D34042 /* AVFoundation.framework */; };
		CF1150801A11FEEB00D34042 /* SpeechKit.framework in Frameworks */ = {isa = PBXBuildFile; fileRef = CF11507F1A11FEEB00D34042 /* SpeechKit.framework */; };
		CF1150831A1210C300D34042 /* record1.png in Resources */ = {isa = PBXBuildFile; fileRef = CF1150811A1210C300D34042 /* record1.png */; };
		CF1150841A1210C300D34042 /* record.png in Resources */ = {isa = PBXBuildFile; fileRef = CF1150821A1210C300D34042 /* record.png */; };
		CF3673B91A14A2270052F73D /* RSTMALLCell.m in Sources */ = {isa = PBXBuildFile; fileRef = CF3673B21A14A2270052F73D /* RSTMALLCell.m */; };
		CF3673BA1A14A2270052F73D /* RSTMALLData.m in Sources */ = {isa = PBXBuildFile; fileRef = CF3673B41A14A2270052F73D /* RSTMALLData.m */; };
		CF3673BB1A14A2270052F73D /* RSTMALLImageView.m in Sources */ = {isa = PBXBuildFile; fileRef = CF3673B61A14A2270052F73D /* RSTMALLImageView.m */; };
		CF3673BC1A14A2270052F73D /* RSTMALLTableViewController.m in Sources */ = {isa = PBXBuildFile; fileRef = CF3673B81A14A2270052F73D /* RSTMALLTableViewController.m */; };
		CF3673BE1A14A3ED0052F73D /* Images.xcassets in Resources */ = {isa = PBXBuildFile; fileRef = CF3673BD1A14A3ED0052F73D /* Images.xcassets */; };
		CF3673C01A14A7140052F73D /* dislike.png in Resources */ = {isa = PBXBuildFile; fileRef = CF3673BF1A14A7140052F73D /* dislike.png */; };
		CF3673C41A14AAEE0052F73D /* catalog.png in Resources */ = {isa = PBXBuildFile; fileRef = CF3673C31A14AAEE0052F73D /* catalog.png */; };
		CF3673C61A14AE5E0052F73D /* stop.png in Resources */ = {isa = PBXBuildFile; fileRef = CF3673C51A14AE5E0052F73D /* stop.png */; };
		CF560F2F19F5C83B0084F3E3 /* Microphone-icon.png in Resources */ = {isa = PBXBuildFile; fileRef = CF560F2E19F5C83B0084F3E3 /* Microphone-icon.png */; };
		CF560F3E19F5D0850084F3E3 /* OracleViewController.m in Sources */ = {isa = PBXBuildFile; fileRef = CF560F3D19F5D0850084F3E3 /* OracleViewController.m */; };
		CF58E93E19F5927400D1962E /* ScannerViewController.m in Sources */ = {isa = PBXBuildFile; fileRef = CF58E93D19F5927400D1962E /* ScannerViewController.m */; };
		CF58E94119F5929A00D1962E /* Barcode.m in Sources */ = {isa = PBXBuildFile; fileRef = CF58E94019F5929A00D1962E /* Barcode.m */; };
		CF58E94419F592E800D1962E /* SettingsViewController.m in Sources */ = {isa = PBXBuildFile; fileRef = CF58E94319F592E800D1962E /* SettingsViewController.m */; };
		CF58E94619F5988D00D1962E /* barcode.png in Resources */ = {isa = PBXBuildFile; fileRef = CF58E94519F5988D00D1962E /* barcode.png */; };
		CF58E94819F598CA00D1962E /* side-menu-cart.png in Resources */ = {isa = PBXBuildFile; fileRef = CF58E94719F598CA00D1962E /* side-menu-cart.png */; };
		CF58E94A19F5993300D1962E /* cart.png in Resources */ = {isa = PBXBuildFile; fileRef = CF58E94919F5993300D1962E /* cart.png */; };
		CF58E94C19F5BF9500D1962E /* Question_mark.png in Resources */ = {isa = PBXBuildFile; fileRef = CF58E94B19F5BF9500D1962E /* Question_mark.png */; };
		CF58E94E19F5C00700D1962E /* carter.png in Resources */ = {isa = PBXBuildFile; fileRef = CF58E94D19F5C00700D1962E /* carter.png */; };
		CF6719F619F61A730074EC10 /* storeacle.png in Resources */ = {isa = PBXBuildFile; fileRef = CF6719F519F61A730074EC10 /* storeacle.png */; };
		CF6719FE19F7473D0074EC10 /* TabBarViewController.m in Sources */ = {isa = PBXBuildFile; fileRef = CF6719FD19F7473D0074EC10 /* TabBarViewController.m */; };
		CFB75727198F4A3C007226E7 /* ListViewController.m in Sources */ = {isa = PBXBuildFile; fileRef = CFB75726198F4A3C007226E7 /* ListViewController.m */; };
		CFB7572A198F4A4C007226E7 /* RegisterViewController.m in Sources */ = {isa = PBXBuildFile; fileRef = CFB75729198F4A4C007226E7 /* RegisterViewController.m */; };
		CFCFE9A71992080F0099E9DA /* EditFriendsViewController.m in Sources */ = {isa = PBXBuildFile; fileRef = CFCFE9A61992080E0099E9DA /* EditFriendsViewController.m */; };
		CFCFE9AA1992159D0099E9DA /* FriendsViewController.m in Sources */ = {isa = PBXBuildFile; fileRef = CFCFE9A91992159D0099E9DA /* FriendsViewController.m */; };
		CFD57D5619F88B36005E41B8 /* storeacle1.png in Resources */ = {isa = PBXBuildFile; fileRef = CFD57D5519F88B36005E41B8 /* storeacle1.png */; };
		CFD84D61198F6C4F006019B8 /* Parse.framework in Frameworks */ = {isa = PBXBuildFile; fileRef = CFD84D60198F6C4F006019B8 /* Parse.framework */; };
		CFD84D6B198F6CA8006019B8 /* AudioToolbox.framework in Frameworks */ = {isa = PBXBuildFile; fileRef = CFD84D62198F6CA8006019B8 /* AudioToolbox.framework */; };
		CFD84D6C198F6CA8006019B8 /* CFNetwork.framework in Frameworks */ = {isa = PBXBuildFile; fileRef = CFD84D63198F6CA8006019B8 /* CFNetwork.framework */; };
		CFD84D6D198F6CA8006019B8 /* CoreLocation.framework in Frameworks */ = {isa = PBXBuildFile; fileRef = CFD84D64198F6CA8006019B8 /* CoreLocation.framework */; };
		CFD84D6E198F6CA8006019B8 /* libz.1.1.3.dylib in Frameworks */ = {isa = PBXBuildFile; fileRef = CFD84D65198F6CA8006019B8 /* libz.1.1.3.dylib */; };
		CFD84D6F198F6CA8006019B8 /* MobileCoreServices.framework in Frameworks */ = {isa = PBXBuildFile; fileRef = CFD84D66198F6CA8006019B8 /* MobileCoreServices.framework */; };
		CFD84D70198F6CA8006019B8 /* QuartzCore.framework in Frameworks */ = {isa = PBXBuildFile; fileRef = CFD84D67198F6CA8006019B8 /* QuartzCore.framework */; };
		CFD84D71198F6CA8006019B8 /* Security.framework in Frameworks */ = {isa = PBXBuildFile; fileRef = CFD84D68198F6CA8006019B8 /* Security.framework */; };
		CFD84D72198F6CA8006019B8 /* StoreKit.framework in Frameworks */ = {isa = PBXBuildFile; fileRef = CFD84D69198F6CA8006019B8 /* StoreKit.framework */; };
		CFD84D73198F6CA8006019B8 /* SystemConfiguration.framework in Frameworks */ = {isa = PBXBuildFile; fileRef = CFD84D6A198F6CA8006019B8 /* SystemConfiguration.framework */; };
		CFFEBB1B198F3186005E96BD /* Foundation.framework in Frameworks */ = {isa = PBXBuildFile; fileRef = CFFEBB1A198F3186005E96BD /* Foundation.framework */; };
		CFFEBB1D198F3186005E96BD /* CoreGraphics.framework in Frameworks */ = {isa = PBXBuildFile; fileRef = CFFEBB1C198F3186005E96BD /* CoreGraphics.framework */; };
		CFFEBB1F198F3186005E96BD /* UIKit.framework in Frameworks */ = {isa = PBXBuildFile; fileRef = CFFEBB1E198F3186005E96BD /* UIKit.framework */; };
		CFFEBB25198F3186005E96BD /* InfoPlist.strings in Resources */ = {isa = PBXBuildFile; fileRef = CFFEBB23198F3186005E96BD /* InfoPlist.strings */; };
		CFFEBB27198F3186005E96BD /* main.m in Sources */ = {isa = PBXBuildFile; fileRef = CFFEBB26198F3186005E96BD /* main.m */; };
		CFFEBB2B198F3186005E96BD /* Beatlet_PrototypeAppDelegate.m in Sources */ = {isa = PBXBuildFile; fileRef = CFFEBB2A198F3186005E96BD /* Beatlet_PrototypeAppDelegate.m */; };
		CFFEBB2D198F3186005E96BD /* Images.xcassets in Resources */ = {isa = PBXBuildFile; fileRef = CFFEBB2C198F3186005E96BD /* Images.xcassets */; };
		CFFEBB34198F3186005E96BD /* XCTest.framework in Frameworks */ = {isa = PBXBuildFile; fileRef = CFFEBB33198F3186005E96BD /* XCTest.framework */; };
		CFFEBB35198F3186005E96BD /* Foundation.framework in Frameworks */ = {isa = PBXBuildFile; fileRef = CFFEBB1A198F3186005E96BD /* Foundation.framework */; };
		CFFEBB36198F3186005E96BD /* UIKit.framework in Frameworks */ = {isa = PBXBuildFile; fileRef = CFFEBB1E198F3186005E96BD /* UIKit.framework */; };
		CFFEBB3E198F3186005E96BD /* InfoPlist.strings in Resources */ = {isa = PBXBuildFile; fileRef = CFFEBB3C198F3186005E96BD /* InfoPlist.strings */; };
		CFFEBB40198F3186005E96BD /* Beatlet1Tests.m in Sources */ = {isa = PBXBuildFile; fileRef = CFFEBB3F198F3186005E96BD /* Beatlet1Tests.m */; };
		CFFEBB4A198F31B6005E96BD /* Storyboard.storyboard in Resources */ = {isa = PBXBuildFile; fileRef = CFFEBB49198F31B6005E96BD /* Storyboard.storyboard */; };
		CFFEBB52198F34B6005E96BD /* camera.png in Resources */ = {isa = PBXBuildFile; fileRef = CFFEBB4C198F34B6005E96BD /* camera.png */; };
		CFFEBB53198F34B6005E96BD /* camera@2x.png in Resources */ = {isa = PBXBuildFile; fileRef = CFFEBB4D198F34B6005E96BD /* camera@2x.png */; };
		CFFEBB54198F34B6005E96BD /* friends.png in Resources */ = {isa = PBXBuildFile; fileRef = CFFEBB4E198F34B6005E96BD /* friends.png */; };
		CFFEBB55198F34B6005E96BD /* friends@2x.png in Resources */ = {isa = PBXBuildFile; fileRef = CFFEBB4F198F34B6005E96BD /* friends@2x.png */; };
		CFFEBB56198F34B6005E96BD /* inbox.png in Resources */ = {isa = PBXBuildFile; fileRef = CFFEBB50198F34B6005E96BD /* inbox.png */; };
		CFFEBB57198F34B6005E96BD /* inbox@2x.png in Resources */ = {isa = PBXBuildFile; fileRef = CFFEBB51198F34B6005E96BD /* inbox@2x.png */; };
		CFFEBB59198F3538005E96BD /* beats.png in Resources */ = {isa = PBXBuildFile; fileRef = CFFEBB58198F3538005E96BD /* beats.png */; };
		CFFEBB6C198F4621005E96BD /* CatalogViewController.m in Sources */ = {isa = PBXBuildFile; fileRef = CFFEBB6A198F4621005E96BD /* CatalogViewController.m */; };
		CFFEBB6D198F4621005E96BD /* CatalogViewController.xib in Resources */ = {isa = PBXBuildFile; fileRef = CFFEBB6B198F4621005E96BD /* CatalogViewController.xib */; };
/* End PBXBuildFile section */

/* Begin PBXContainerItemProxy section */
		CFFEBB37198F3186005E96BD /* PBXContainerItemProxy */ = {
			isa = PBXContainerItemProxy;
			containerPortal = CFFEBB0F198F3185005E96BD /* Project object */;
			proxyType = 1;
			remoteGlobalIDString = CFFEBB16198F3185005E96BD;
			remoteInfo = Beatlet1;
		};
/* End PBXContainerItemProxy section */

/* Begin PBXFileReference section */
		8A0DC0231A2DB7D8001C6130 /* 312%2BUXh7C8L.jpg */ = {isa = PBXFileReference; lastKnownFileType = image.jpeg; path = "312%2BUXh7C8L.jpg"; sourceTree = "<group>"; };
		8A0DC0241A2DB7D8001C6130 /* 31S%2B2GIZObL.jpg */ = {isa = PBXFileReference; lastKnownFileType = image.jpeg; path = "31S%2B2GIZObL.jpg"; sourceTree = "<group>"; };
		8A0DC0251A2DB7D8001C6130 /* 412WftTrYqL.jpg */ = {isa = PBXFileReference; lastKnownFileType = image.jpeg; path = 412WftTrYqL.jpg; sourceTree = "<group>"; };
		8A0DC0261A2DB7D8001C6130 /* 41GnOUIbWOL.jpg */ = {isa = PBXFileReference; lastKnownFileType = image.jpeg; path = 41GnOUIbWOL.jpg; sourceTree = "<group>"; };
		8A0DC0271A2DB7D8001C6130 /* 41kLYA8cP4L.jpg */ = {isa = PBXFileReference; lastKnownFileType = image.jpeg; path = 41kLYA8cP4L.jpg; sourceTree = "<group>"; };
		8A0DC0281A2DB7D8001C6130 /* 41n0Os9KHLL.jpg */ = {isa = PBXFileReference; lastKnownFileType = image.jpeg; path = 41n0Os9KHLL.jpg; sourceTree = "<group>"; };
		8A0DC0291A2DB7D8001C6130 /* 41qF-m0vZkL.jpg */ = {isa = PBXFileReference; lastKnownFileType = image.jpeg; path = "41qF-m0vZkL.jpg"; sourceTree = "<group>"; };
		8A0DC02A1A2DB7D8001C6130 /* 41S8vG7rQlL.jpg */ = {isa = PBXFileReference; lastKnownFileType = image.jpeg; path = 41S8vG7rQlL.jpg; sourceTree = "<group>"; };
		8A0DC02B1A2DB7D8001C6130 /* 41VsLpRfqpL.jpg */ = {isa = PBXFileReference; lastKnownFileType = image.jpeg; path = 41VsLpRfqpL.jpg; sourceTree = "<group>"; };
		8A0DC02C1A2DB7D8001C6130 /* 41WcY-diReL.jpg */ = {isa = PBXFileReference; lastKnownFileType = image.jpeg; path = "41WcY-diReL.jpg"; sourceTree = "<group>"; };
		8A0DC02D1A2DB7D8001C6130 /* 41WuBlF4IUL.jpg */ = {isa = PBXFileReference; lastKnownFileType = image.jpeg; path = 41WuBlF4IUL.jpg; sourceTree = "<group>"; };
		8A0DC02E1A2DB7D8001C6130 /* 41XiCTi5jML.jpg */ = {isa = PBXFileReference; lastKnownFileType = image.jpeg; path = 41XiCTi5jML.jpg; sourceTree = "<group>"; };
		8A0DC02F1A2DB7D8001C6130 /* 512JkxYKsTL.jpg */ = {isa = PBXFileReference; lastKnownFileType = image.jpeg; path = 512JkxYKsTL.jpg; sourceTree = "<group>"; };
		8A0DC0301A2DB7D8001C6130 /* 51ElcbVgySL.jpg */ = {isa = PBXFileReference; lastKnownFileType = image.jpeg; path = 51ElcbVgySL.jpg; sourceTree = "<group>"; };
		8A0DC0311A2DB7D8001C6130 /* 51GafNKOBmL.jpg */ = {isa = PBXFileReference; lastKnownFileType = image.jpeg; path = 51GafNKOBmL.jpg; sourceTree = "<group>"; };
		8A0DC0321A2DB7D8001C6130 /* 51Gzb7dY37L.jpg */ = {isa = PBXFileReference; lastKnownFileType = image.jpeg; path = 51Gzb7dY37L.jpg; sourceTree = "<group>"; };
		8A0DC0331A2DB7D8001C6130 /* 51HyupvuV%2BL.jpg */ = {isa = PBXFileReference; lastKnownFileType = image.jpeg; path = "51HyupvuV%2BL.jpg"; sourceTree = "<group>"; };
		8A0DC0341A2DB7D8001C6130 /* 51ulDPIMv7L.jpg */ = {isa = PBXFileReference; lastKnownFileType = image.jpeg; path = 51ulDPIMv7L.jpg; sourceTree = "<group>"; };
		8A0DC0351A2DB7D8001C6130 /* 51WW6eiS6BL.jpg */ = {isa = PBXFileReference; lastKnownFileType = image.jpeg; path = 51WW6eiS6BL.jpg; sourceTree = "<group>"; };
		8A0DC0361A2DB7D8001C6130 /* 61NyCTvbKzL.jpg */ = {isa = PBXFileReference; lastKnownFileType = image.jpeg; path = 61NyCTvbKzL.jpg; sourceTree = "<group>"; };
		8A0DC0371A2DB7D8001C6130 /* 61rvu9eUiXL.jpg */ = {isa = PBXFileReference; lastKnownFileType = image.jpeg; path = 61rvu9eUiXL.jpg; sourceTree = "<group>"; };
		8A0DC0381A2DB7D8001C6130 /* hello.jpg */ = {isa = PBXFileReference; lastKnownFileType = image.jpeg; path = hello.jpg; sourceTree = "<group>"; };
		8A0DC04F1A2DBDF6001C6130 /* 416hB63JUPL.jpg */ = {isa = PBXFileReference; lastKnownFileType = image.jpeg; path = 416hB63JUPL.jpg; sourceTree = "<group>"; };
		8A0DC0501A2DBDF6001C6130 /* 411ez6ixZ2L.jpg */ = {isa = PBXFileReference; lastKnownFileType = image.jpeg; path = 411ez6ixZ2L.jpg; sourceTree = "<group>"; };
		8A0DC0511A2DBDF6001C6130 /* 410WBREF71L.jpg */ = {isa = PBXFileReference; lastKnownFileType = image.jpeg; path = 410WBREF71L.jpg; sourceTree = "<group>"; };
		8A0DC0521A2DBDF6001C6130 /* 316JNzLx9mL.jpg */ = {isa = PBXFileReference; lastKnownFileType = image.jpeg; path = 316JNzLx9mL.jpg; sourceTree = "<group>"; };
		8A0DC0531A2DBDF6001C6130 /* 51Wf1sLMaKL.jpg */ = {isa = PBXFileReference; lastKnownFileType = image.jpeg; path = 51Wf1sLMaKL.jpg; sourceTree = "<group>"; };
		8A0DC0541A2DBDF6001C6130 /* 51NpdYpNDpL.jpg */ = {isa = PBXFileReference; lastKnownFileType = image.jpeg; path = 51NpdYpNDpL.jpg; sourceTree = "<group>"; };
		8A0DC0551A2DBDF6001C6130 /* 41y%2B28yjoTL.jpg */ = {isa = PBXFileReference; lastKnownFileType = image.jpeg; path = "41y%2B28yjoTL.jpg"; sourceTree = "<group>"; };
		8A0DC0561A2DBDF6001C6130 /* 41SW9cl3PdL.jpg */ = {isa = PBXFileReference; lastKnownFileType = image.jpeg; path = 41SW9cl3PdL.jpg; sourceTree = "<group>"; };
		8A0DC0571A2DBDF6001C6130 /* 41Iw5pUfTPL.jpg */ = {isa = PBXFileReference; lastKnownFileType = image.jpeg; path = 41Iw5pUfTPL.jpg; sourceTree = "<group>"; };
		8A0DC0581A2DBDF6001C6130 /* 41Dl4hOnNVL.jpg */ = {isa = PBXFileReference; lastKnownFileType = image.jpeg; path = 41Dl4hOnNVL.jpg; sourceTree = "<group>"; };
		8A0DC0591A2DBDF6001C6130 /* 41d8r2ivekL.jpg */ = {isa = PBXFileReference; lastKnownFileType = image.jpeg; path = 41d8r2ivekL.jpg; sourceTree = "<group>"; };
		8A0DC05A1A2DBDF6001C6130 /* 41cHVop1j%2BL.jpg */ = {isa = PBXFileReference; lastKnownFileType = image.jpeg; path = "41cHVop1j%2BL.jpg"; sourceTree = "<group>"; };
		8A0DC05B1A2DBDF6001C6130 /* 31OPiySfkXL.jpg */ = {isa = PBXFileReference; lastKnownFileType = image.jpeg; path = 31OPiySfkXL.jpg; sourceTree = "<group>"; };
		8A0DC05C1A2DBDF6001C6130 /* 31FRT1bKsFL.jpg */ = {isa = PBXFileReference; lastKnownFileType = image.jpeg; path = 31FRT1bKsFL.jpg; sourceTree = "<group>"; };
		8A0DC05D1A2DBDF6001C6130 /* 31e0PRO0Q%2BL.jpg */ = {isa = PBXFileReference; lastKnownFileType = image.jpeg; path = "31e0PRO0Q%2BL.jpg"; sourceTree = "<group>"; };
		8A0DC05E1A2DBDF6001C6130 /* 31%2BA88eZVBL.jpg */ = {isa = PBXFileReference; lastKnownFileType = image.jpeg; path = "31%2BA88eZVBL.jpg"; sourceTree = "<group>"; };
		8A0DC06F1A2DBFFA001C6130 /* 41MJ1L75TcL.jpg */ = {isa = PBXFileReference; lastKnownFileType = image.jpeg; path = 41MJ1L75TcL.jpg; sourceTree = "<group>"; };
		8A0DC0711A3008CC001C6130 /* BarcoderViewController.h */ = {isa = PBXFileReference; fileEncoding = 4; lastKnownFileType = sourcecode.c.h; name = BarcoderViewController.h; path = ../BarcoderViewController.h; sourceTree = "<group>"; };
		8A0DC0721A3008CC001C6130 /* BarcoderViewController.m */ = {isa = PBXFileReference; fileEncoding = 4; lastKnownFileType = sourcecode.c.objc; name = BarcoderViewController.m; path = ../BarcoderViewController.m; sourceTree = "<group>"; };
		8AB62AE81A277A0E008A94B3 /* creme_brulee.jpg */ = {isa = PBXFileReference; lastKnownFileType = image.jpeg; name = creme_brulee.jpg; path = ../../../../creme_brulee.jpg; sourceTree = "<group>"; };
		CF021AA81A2513A700EF0353 /* CartTableViewController.h */ = {isa = PBXFileReference; fileEncoding = 4; lastKnownFileType = sourcecode.c.h; path = CartTableViewController.h; sourceTree = "<group>"; };
		CF021AA91A2513A700EF0353 /* CartTableViewController.m */ = {isa = PBXFileReference; fileEncoding = 4; lastKnownFileType = sourcecode.c.objc; path = CartTableViewController.m; sourceTree = "<group>"; };
		CF021AAD1A2516ED00EF0353 /* genius_icon.png */ = {isa = PBXFileReference; lastKnownFileType = image.png; path = genius_icon.png; sourceTree = "<group>"; };
		CF021AAF1A25172400EF0353 /* genius_icon_small.png */ = {isa = PBXFileReference; lastKnownFileType = image.png; path = genius_icon_small.png; sourceTree = "<group>"; };
		CF114FA41A11FEA400D34042 /* AVFoundation.framework */ = {isa = PBXFileReference; lastKnownFileType = wrapper.framework; name = AVFoundation.framework; path = System/Library/Frameworks/AVFoundation.framework; sourceTree = SDKROOT; };
		CF11507F1A11FEEB00D34042 /* SpeechKit.framework */ = {isa = PBXFileReference; lastKnownFileType = wrapper.framework; path = SpeechKit.framework; sourceTree = "<group>"; };
		CF1150811A1210C300D34042 /* record1.png */ = {isa = PBXFileReference; lastKnownFileType = image.png; path = record1.png; sourceTree = "<group>"; };
		CF1150821A1210C300D34042 /* record.png */ = {isa = PBXFileReference; lastKnownFileType = image.png; path = record.png; sourceTree = "<group>"; };
		CF3673B11A14A2270052F73D /* RSTMALLCell.h */ = {isa = PBXFileReference; fileEncoding = 4; lastKnownFileType = sourcecode.c.h; path = RSTMALLCell.h; sourceTree = "<group>"; };
		CF3673B21A14A2270052F73D /* RSTMALLCell.m */ = {isa = PBXFileReference; fileEncoding = 4; lastKnownFileType = sourcecode.c.objc; path = RSTMALLCell.m; sourceTree = "<group>"; };
		CF3673B31A14A2270052F73D /* RSTMALLData.h */ = {isa = PBXFileReference; fileEncoding = 4; lastKnownFileType = sourcecode.c.h; path = RSTMALLData.h; sourceTree = "<group>"; };
		CF3673B41A14A2270052F73D /* RSTMALLData.m */ = {isa = PBXFileReference; fileEncoding = 4; lastKnownFileType = sourcecode.c.objc; path = RSTMALLData.m; sourceTree = "<group>"; };
		CF3673B51A14A2270052F73D /* RSTMALLImageView.h */ = {isa = PBXFileReference; fileEncoding = 4; lastKnownFileType = sourcecode.c.h; path = RSTMALLImageView.h; sourceTree = "<group>"; };
		CF3673B61A14A2270052F73D /* RSTMALLImageView.m */ = {isa = PBXFileReference; fileEncoding = 4; lastKnownFileType = sourcecode.c.objc; path = RSTMALLImageView.m; sourceTree = "<group>"; };
		CF3673B71A14A2270052F73D /* RSTMALLTableViewController.h */ = {isa = PBXFileReference; fileEncoding = 4; lastKnownFileType = sourcecode.c.h; path = RSTMALLTableViewController.h; sourceTree = "<group>"; };
		CF3673B81A14A2270052F73D /* RSTMALLTableViewController.m */ = {isa = PBXFileReference; fileEncoding = 4; lastKnownFileType = sourcecode.c.objc; path = RSTMALLTableViewController.m; sourceTree = "<group>"; };
		CF3673BD1A14A3ED0052F73D /* Images.xcassets */ = {isa = PBXFileReference; lastKnownFileType = folder.assetcatalog; path = Images.xcassets; sourceTree = "<group>"; };
		CF3673BF1A14A7140052F73D /* dislike.png */ = {isa = PBXFileReference; lastKnownFileType = image.png; path = dislike.png; sourceTree = "<group>"; };
		CF3673C31A14AAEE0052F73D /* catalog.png */ = {isa = PBXFileReference; lastKnownFileType = image.png; path = catalog.png; sourceTree = "<group>"; };
		CF3673C51A14AE5E0052F73D /* stop.png */ = {isa = PBXFileReference; lastKnownFileType = image.png; path = stop.png; sourceTree = "<group>"; };
		CF560F2E19F5C83B0084F3E3 /* Microphone-icon.png */ = {isa = PBXFileReference; lastKnownFileType = image.png; path = "Microphone-icon.png"; sourceTree = "<group>"; };
		CF560F3C19F5D0850084F3E3 /* OracleViewController.h */ = {isa = PBXFileReference; fileEncoding = 4; lastKnownFileType = sourcecode.c.h; path = OracleViewController.h; sourceTree = "<group>"; };
		CF560F3D19F5D0850084F3E3 /* OracleViewController.m */ = {isa = PBXFileReference; fileEncoding = 4; lastKnownFileType = sourcecode.c.objc; path = OracleViewController.m; sourceTree = "<group>"; };
		CF58E93C19F5927400D1962E /* ScannerViewController.h */ = {isa = PBXFileReference; fileEncoding = 4; lastKnownFileType = sourcecode.c.h; path = ScannerViewController.h; sourceTree = "<group>"; };
		CF58E93D19F5927400D1962E /* ScannerViewController.m */ = {isa = PBXFileReference; fileEncoding = 4; lastKnownFileType = sourcecode.c.objc; path = ScannerViewController.m; sourceTree = "<group>"; };
		CF58E93F19F5929A00D1962E /* Barcode.h */ = {isa = PBXFileReference; fileEncoding = 4; lastKnownFileType = sourcecode.c.h; path = Barcode.h; sourceTree = "<group>"; };
		CF58E94019F5929A00D1962E /* Barcode.m */ = {isa = PBXFileReference; fileEncoding = 4; lastKnownFileType = sourcecode.c.objc; path = Barcode.m; sourceTree = "<group>"; };
		CF58E94219F592E800D1962E /* SettingsViewController.h */ = {isa = PBXFileReference; fileEncoding = 4; lastKnownFileType = sourcecode.c.h; path = SettingsViewController.h; sourceTree = "<group>"; };
		CF58E94319F592E800D1962E /* SettingsViewController.m */ = {isa = PBXFileReference; fileEncoding = 4; lastKnownFileType = sourcecode.c.objc; path = SettingsViewController.m; sourceTree = "<group>"; };
		CF58E94519F5988D00D1962E /* barcode.png */ = {isa = PBXFileReference; lastKnownFileType = image.png; path = barcode.png; sourceTree = "<group>"; };
		CF58E94719F598CA00D1962E /* side-menu-cart.png */ = {isa = PBXFileReference; lastKnownFileType = image.png; path = "side-menu-cart.png"; sourceTree = "<group>"; };
		CF58E94919F5993300D1962E /* cart.png */ = {isa = PBXFileReference; lastKnownFileType = image.png; path = cart.png; sourceTree = "<group>"; };
		CF58E94B19F5BF9500D1962E /* Question_mark.png */ = {isa = PBXFileReference; lastKnownFileType = image.png; path = Question_mark.png; sourceTree = "<group>"; };
		CF58E94D19F5C00700D1962E /* carter.png */ = {isa = PBXFileReference; lastKnownFileType = image.png; path = carter.png; sourceTree = "<group>"; };
		CF6719F519F61A730074EC10 /* storeacle.png */ = {isa = PBXFileReference; lastKnownFileType = image.png; path = storeacle.png; sourceTree = "<group>"; };
		CF6719FC19F7473D0074EC10 /* TabBarViewController.h */ = {isa = PBXFileReference; fileEncoding = 4; lastKnownFileType = sourcecode.c.h; path = TabBarViewController.h; sourceTree = "<group>"; };
		CF6719FD19F7473D0074EC10 /* TabBarViewController.m */ = {isa = PBXFileReference; fileEncoding = 4; lastKnownFileType = sourcecode.c.objc; path = TabBarViewController.m; sourceTree = "<group>"; };
		CF7CD3471A13184D004F809E /* GCDAsyncSocket.h */ = {isa = PBXFileReference; fileEncoding = 4; lastKnownFileType = sourcecode.c.h; path = GCDAsyncSocket.h; sourceTree = "<group>"; };
		CFB75725198F4A3C007226E7 /* ListViewController.h */ = {isa = PBXFileReference; fileEncoding = 4; lastKnownFileType = sourcecode.c.h; name = ListViewController.h; path = ../ListViewController.h; sourceTree = "<group>"; };
		CFB75726198F4A3C007226E7 /* ListViewController.m */ = {isa = PBXFileReference; fileEncoding = 4; lastKnownFileType = sourcecode.c.objc; name = ListViewController.m; path = ../ListViewController.m; sourceTree = "<group>"; };
		CFB75728198F4A4C007226E7 /* RegisterViewController.h */ = {isa = PBXFileReference; fileEncoding = 4; lastKnownFileType = sourcecode.c.h; name = RegisterViewController.h; path = ../RegisterViewController.h; sourceTree = "<group>"; };
		CFB75729198F4A4C007226E7 /* RegisterViewController.m */ = {isa = PBXFileReference; fileEncoding = 4; lastKnownFileType = sourcecode.c.objc; name = RegisterViewController.m; path = ../RegisterViewController.m; sourceTree = "<group>"; };
		CFCFE9A51992080E0099E9DA /* EditFriendsViewController.h */ = {isa = PBXFileReference; fileEncoding = 4; lastKnownFileType = sourcecode.c.h; path = EditFriendsViewController.h; sourceTree = "<group>"; };
		CFCFE9A61992080E0099E9DA /* EditFriendsViewController.m */ = {isa = PBXFileReference; fileEncoding = 4; lastKnownFileType = sourcecode.c.objc; path = EditFriendsViewController.m; sourceTree = "<group>"; };
		CFCFE9A81992159D0099E9DA /* FriendsViewController.h */ = {isa = PBXFileReference; fileEncoding = 4; lastKnownFileType = sourcecode.c.h; path = FriendsViewController.h; sourceTree = "<group>"; };
		CFCFE9A91992159D0099E9DA /* FriendsViewController.m */ = {isa = PBXFileReference; fileEncoding = 4; lastKnownFileType = sourcecode.c.objc; path = FriendsViewController.m; sourceTree = "<group>"; };
		CFD57D5519F88B36005E41B8 /* storeacle1.png */ = {isa = PBXFileReference; lastKnownFileType = image.png; path = storeacle1.png; sourceTree = "<group>"; };
		CFD84D60198F6C4F006019B8 /* Parse.framework */ = {isa = PBXFileReference; lastKnownFileType = wrapper.framework; path = Parse.framework; sourceTree = "<group>"; };
		CFD84D62198F6CA8006019B8 /* AudioToolbox.framework */ = {isa = PBXFileReference; lastKnownFileType = wrapper.framework; name = AudioToolbox.framework; path = System/Library/Frameworks/AudioToolbox.framework; sourceTree = SDKROOT; };
		CFD84D63198F6CA8006019B8 /* CFNetwork.framework */ = {isa = PBXFileReference; lastKnownFileType = wrapper.framework; name = CFNetwork.framework; path = System/Library/Frameworks/CFNetwork.framework; sourceTree = SDKROOT; };
		CFD84D64198F6CA8006019B8 /* CoreLocation.framework */ = {isa = PBXFileReference; lastKnownFileType = wrapper.framework; name = CoreLocation.framework; path = System/Library/Frameworks/CoreLocation.framework; sourceTree = SDKROOT; };
		CFD84D65198F6CA8006019B8 /* libz.1.1.3.dylib */ = {isa = PBXFileReference; lastKnownFileType = "compiled.mach-o.dylib"; name = libz.1.1.3.dylib; path = usr/lib/libz.1.1.3.dylib; sourceTree = SDKROOT; };
		CFD84D66198F6CA8006019B8 /* MobileCoreServices.framework */ = {isa = PBXFileReference; lastKnownFileType = wrapper.framework; name = MobileCoreServices.framework; path = System/Library/Frameworks/MobileCoreServices.framework; sourceTree = SDKROOT; };
		CFD84D67198F6CA8006019B8 /* QuartzCore.framework */ = {isa = PBXFileReference; lastKnownFileType = wrapper.framework; name = QuartzCore.framework; path = System/Library/Frameworks/QuartzCore.framework; sourceTree = SDKROOT; };
		CFD84D68198F6CA8006019B8 /* Security.framework */ = {isa = PBXFileReference; lastKnownFileType = wrapper.framework; name = Security.framework; path = System/Library/Frameworks/Security.framework; sourceTree = SDKROOT; };
		CFD84D69198F6CA8006019B8 /* StoreKit.framework */ = {isa = PBXFileReference; lastKnownFileType = wrapper.framework; name = StoreKit.framework; path = System/Library/Frameworks/StoreKit.framework; sourceTree = SDKROOT; };
		CFD84D6A198F6CA8006019B8 /* SystemConfiguration.framework */ = {isa = PBXFileReference; lastKnownFileType = wrapper.framework; name = SystemConfiguration.framework; path = System/Library/Frameworks/SystemConfiguration.framework; sourceTree = SDKROOT; };
		CFFEBB17198F3186005E96BD /* Beatlet1.app */ = {isa = PBXFileReference; explicitFileType = wrapper.application; includeInIndex = 0; path = Beatlet1.app; sourceTree = BUILT_PRODUCTS_DIR; };
		CFFEBB1A198F3186005E96BD /* Foundation.framework */ = {isa = PBXFileReference; lastKnownFileType = wrapper.framework; name = Foundation.framework; path = System/Library/Frameworks/Foundation.framework; sourceTree = SDKROOT; };
		CFFEBB1C198F3186005E96BD /* CoreGraphics.framework */ = {isa = PBXFileReference; lastKnownFileType = wrapper.framework; name = CoreGraphics.framework; path = System/Library/Frameworks/CoreGraphics.framework; sourceTree = SDKROOT; };
		CFFEBB1E198F3186005E96BD /* UIKit.framework */ = {isa = PBXFileReference; lastKnownFileType = wrapper.framework; name = UIKit.framework; path = System/Library/Frameworks/UIKit.framework; sourceTree = SDKROOT; };
		CFFEBB22198F3186005E96BD /* Beatlet1-Info.plist */ = {isa = PBXFileReference; lastKnownFileType = text.plist.xml; path = "Beatlet1-Info.plist"; sourceTree = "<group>"; };
		CFFEBB24198F3186005E96BD /* en */ = {isa = PBXFileReference; lastKnownFileType = text.plist.strings; name = en; path = en.lproj/InfoPlist.strings; sourceTree = "<group>"; };
		CFFEBB26198F3186005E96BD /* main.m */ = {isa = PBXFileReference; lastKnownFileType = sourcecode.c.objc; path = main.m; sourceTree = "<group>"; };
		CFFEBB28198F3186005E96BD /* Beatlet1-Prefix.pch */ = {isa = PBXFileReference; lastKnownFileType = sourcecode.c.h; path = "Beatlet1-Prefix.pch"; sourceTree = "<group>"; };
		CFFEBB29198F3186005E96BD /* Beatlet_PrototypeAppDelegate.h */ = {isa = PBXFileReference; lastKnownFileType = sourcecode.c.h; path = Beatlet_PrototypeAppDelegate.h; sourceTree = "<group>"; };
		CFFEBB2A198F3186005E96BD /* Beatlet_PrototypeAppDelegate.m */ = {isa = PBXFileReference; lastKnownFileType = sourcecode.c.objc; path = Beatlet_PrototypeAppDelegate.m; sourceTree = "<group>"; };
		CFFEBB2C198F3186005E96BD /* Images.xcassets */ = {isa = PBXFileReference; lastKnownFileType = folder.assetcatalog; path = Images.xcassets; sourceTree = "<group>"; };
		CFFEBB32198F3186005E96BD /* Beatlet1Tests.xctest */ = {isa = PBXFileReference; explicitFileType = wrapper.cfbundle; includeInIndex = 0; path = Beatlet1Tests.xctest; sourceTree = BUILT_PRODUCTS_DIR; };
		CFFEBB33198F3186005E96BD /* XCTest.framework */ = {isa = PBXFileReference; lastKnownFileType = wrapper.framework; name = XCTest.framework; path = Library/Frameworks/XCTest.framework; sourceTree = DEVELOPER_DIR; };
		CFFEBB3B198F3186005E96BD /* Beatlet1Tests-Info.plist */ = {isa = PBXFileReference; lastKnownFileType = text.plist.xml; path = "Beatlet1Tests-Info.plist"; sourceTree = "<group>"; };
		CFFEBB3D198F3186005E96BD /* en */ = {isa = PBXFileReference; lastKnownFileType = text.plist.strings; name = en; path = en.lproj/InfoPlist.strings; sourceTree = "<group>"; };
		CFFEBB3F198F3186005E96BD /* Beatlet1Tests.m */ = {isa = PBXFileReference; lastKnownFileType = sourcecode.c.objc; path = Beatlet1Tests.m; sourceTree = "<group>"; };
		CFFEBB49198F31B6005E96BD /* Storyboard.storyboard */ = {isa = PBXFileReference; fileEncoding = 4; lastKnownFileType = file.storyboard; path = Storyboard.storyboard; sourceTree = "<group>"; };
		CFFEBB4C198F34B6005E96BD /* camera.png */ = {isa = PBXFileReference; lastKnownFileType = image.png; path = camera.png; sourceTree = "<group>"; };
		CFFEBB4D198F34B6005E96BD /* camera@2x.png */ = {isa = PBXFileReference; lastKnownFileType = image.png; path = "camera@2x.png"; sourceTree = "<group>"; };
		CFFEBB4E198F34B6005E96BD /* friends.png */ = {isa = PBXFileReference; lastKnownFileType = image.png; path = friends.png; sourceTree = "<group>"; };
		CFFEBB4F198F34B6005E96BD /* friends@2x.png */ = {isa = PBXFileReference; lastKnownFileType = image.png; path = "friends@2x.png"; sourceTree = "<group>"; };
		CFFEBB50198F34B6005E96BD /* inbox.png */ = {isa = PBXFileReference; lastKnownFileType = image.png; path = inbox.png; sourceTree = "<group>"; };
		CFFEBB51198F34B6005E96BD /* inbox@2x.png */ = {isa = PBXFileReference; lastKnownFileType = image.png; path = "inbox@2x.png"; sourceTree = "<group>"; };
		CFFEBB58198F3538005E96BD /* beats.png */ = {isa = PBXFileReference; lastKnownFileType = image.png; path = beats.png; sourceTree = "<group>"; };
		CFFEBB69198F4621005E96BD /* CatalogViewController.h */ = {isa = PBXFileReference; fileEncoding = 4; lastKnownFileType = sourcecode.c.h; name = CatalogViewController.h; path = ../CatalogViewController.h; sourceTree = "<group>"; };
		CFFEBB6A198F4621005E96BD /* CatalogViewController.m */ = {isa = PBXFileReference; fileEncoding = 4; lastKnownFileType = sourcecode.c.objc; name = CatalogViewController.m; path = ../CatalogViewController.m; sourceTree = "<group>"; };
		CFFEBB6B198F4621005E96BD /* CatalogViewController.xib */ = {isa = PBXFileReference; fileEncoding = 4; lastKnownFileType = file.xib; name = CatalogViewController.xib; path = ../CatalogViewController.xib; sourceTree = "<group>"; };
/* End PBXFileReference section */

/* Begin PBXFrameworksBuildPhase section */
		CFFEBB14198F3185005E96BD /* Frameworks */ = {
			isa = PBXFrameworksBuildPhase;
			buildActionMask = 2147483647;
			files = (
				CF114FA51A11FEA400D34042 /* AVFoundation.framework in Frameworks */,
				CFD84D6B198F6CA8006019B8 /* AudioToolbox.framework in Frameworks */,
				CFD84D6C198F6CA8006019B8 /* CFNetwork.framework in Frameworks */,
				CFD84D6D198F6CA8006019B8 /* CoreLocation.framework in Frameworks */,
				CFD84D6E198F6CA8006019B8 /* libz.1.1.3.dylib in Frameworks */,
				CFD84D6F198F6CA8006019B8 /* MobileCoreServices.framework in Frameworks */,
				CF1150801A11FEEB00D34042 /* SpeechKit.framework in Frameworks */,
				CFD84D70198F6CA8006019B8 /* QuartzCore.framework in Frameworks */,
				CFD84D71198F6CA8006019B8 /* Security.framework in Frameworks */,
				CFD84D72198F6CA8006019B8 /* StoreKit.framework in Frameworks */,
				CFD84D73198F6CA8006019B8 /* SystemConfiguration.framework in Frameworks */,
				CFFEBB1D198F3186005E96BD /* CoreGraphics.framework in Frameworks */,
				CFFEBB1F198F3186005E96BD /* UIKit.framework in Frameworks */,
				CFD84D61198F6C4F006019B8 /* Parse.framework in Frameworks */,
				CFFEBB1B198F3186005E96BD /* Foundation.framework in Frameworks */,
			);
			runOnlyForDeploymentPostprocessing = 0;
		};
		CFFEBB2F198F3186005E96BD /* Frameworks */ = {
			isa = PBXFrameworksBuildPhase;
			buildActionMask = 2147483647;
			files = (
				CFFEBB34198F3186005E96BD /* XCTest.framework in Frameworks */,
				CFFEBB36198F3186005E96BD /* UIKit.framework in Frameworks */,
				CFFEBB35198F3186005E96BD /* Foundation.framework in Frameworks */,
			);
			runOnlyForDeploymentPostprocessing = 0;
		};
/* End PBXFrameworksBuildPhase section */

/* Begin PBXGroup section */
		8A0DC0221A2DB7D8001C6130 /* images */ = {
			isa = PBXGroup;
			children = (
				8A0DC06F1A2DBFFA001C6130 /* 41MJ1L75TcL.jpg */,
				8A0DC04F1A2DBDF6001C6130 /* 416hB63JUPL.jpg */,
				8A0DC0501A2DBDF6001C6130 /* 411ez6ixZ2L.jpg */,
				8A0DC0511A2DBDF6001C6130 /* 410WBREF71L.jpg */,
				8A0DC0521A2DBDF6001C6130 /* 316JNzLx9mL.jpg */,
				8A0DC0531A2DBDF6001C6130 /* 51Wf1sLMaKL.jpg */,
				8A0DC0541A2DBDF6001C6130 /* 51NpdYpNDpL.jpg */,
				8A0DC0551A2DBDF6001C6130 /* 41y%2B28yjoTL.jpg */,
				8A0DC0561A2DBDF6001C6130 /* 41SW9cl3PdL.jpg */,
				8A0DC0571A2DBDF6001C6130 /* 41Iw5pUfTPL.jpg */,
				8A0DC0581A2DBDF6001C6130 /* 41Dl4hOnNVL.jpg */,
				8A0DC0591A2DBDF6001C6130 /* 41d8r2ivekL.jpg */,
				8A0DC05A1A2DBDF6001C6130 /* 41cHVop1j%2BL.jpg */,
				8A0DC05B1A2DBDF6001C6130 /* 31OPiySfkXL.jpg */,
				8A0DC05C1A2DBDF6001C6130 /* 31FRT1bKsFL.jpg */,
				8A0DC05D1A2DBDF6001C6130 /* 31e0PRO0Q%2BL.jpg */,
				8A0DC05E1A2DBDF6001C6130 /* 31%2BA88eZVBL.jpg */,
				8A0DC0231A2DB7D8001C6130 /* 312%2BUXh7C8L.jpg */,
				8A0DC0241A2DB7D8001C6130 /* 31S%2B2GIZObL.jpg */,
				8A0DC0251A2DB7D8001C6130 /* 412WftTrYqL.jpg */,
				8A0DC0261A2DB7D8001C6130 /* 41GnOUIbWOL.jpg */,
				8A0DC0271A2DB7D8001C6130 /* 41kLYA8cP4L.jpg */,
				8A0DC0281A2DB7D8001C6130 /* 41n0Os9KHLL.jpg */,
				8A0DC0291A2DB7D8001C6130 /* 41qF-m0vZkL.jpg */,
				8A0DC02A1A2DB7D8001C6130 /* 41S8vG7rQlL.jpg */,
				8A0DC02B1A2DB7D8001C6130 /* 41VsLpRfqpL.jpg */,
				8A0DC02C1A2DB7D8001C6130 /* 41WcY-diReL.jpg */,
				8A0DC02D1A2DB7D8001C6130 /* 41WuBlF4IUL.jpg */,
				8A0DC02E1A2DB7D8001C6130 /* 41XiCTi5jML.jpg */,
				8A0DC02F1A2DB7D8001C6130 /* 512JkxYKsTL.jpg */,
				8A0DC0301A2DB7D8001C6130 /* 51ElcbVgySL.jpg */,
				8A0DC0311A2DB7D8001C6130 /* 51GafNKOBmL.jpg */,
				8A0DC0321A2DB7D8001C6130 /* 51Gzb7dY37L.jpg */,
				8A0DC0331A2DB7D8001C6130 /* 51HyupvuV%2BL.jpg */,
				8A0DC0341A2DB7D8001C6130 /* 51ulDPIMv7L.jpg */,
				8A0DC0351A2DB7D8001C6130 /* 51WW6eiS6BL.jpg */,
				8A0DC0361A2DB7D8001C6130 /* 61NyCTvbKzL.jpg */,
				8A0DC0371A2DB7D8001C6130 /* 61rvu9eUiXL.jpg */,
				8A0DC0381A2DB7D8001C6130 /* hello.jpg */,
			);
			name = images;
			path = ../../images;
			sourceTree = "<group>";
		};
		CF3673B01A14A2170052F73D /* Feed */ = {
			isa = PBXGroup;
			children = (
				CF3673BD1A14A3ED0052F73D /* Images.xcassets */,
				CF3673B11A14A2270052F73D /* RSTMALLCell.h */,
				CF3673B21A14A2270052F73D /* RSTMALLCell.m */,
				CF3673B31A14A2270052F73D /* RSTMALLData.h */,
				CF3673B41A14A2270052F73D /* RSTMALLData.m */,
				CF3673B51A14A2270052F73D /* RSTMALLImageView.h */,
				CF3673B61A14A2270052F73D /* RSTMALLImageView.m */,
				CF3673B71A14A2270052F73D /* RSTMALLTableViewController.h */,
				CF3673B81A14A2270052F73D /* RSTMALLTableViewController.m */,
			);
			name = Feed;
			sourceTree = "<group>";
		};
		CFFEBB0E198F3185005E96BD = {
			isa = PBXGroup;
			children = (
				8A0DC0221A2DB7D8001C6130 /* images */,
				CF3673B01A14A2170052F73D /* Feed */,
				CFFEBB4B198F34B6005E96BD /* tab_bar_icons */,
				CFFEBB49198F31B6005E96BD /* Storyboard.storyboard */,
				CFFEBB20198F3186005E96BD /* Beatlet1 */,
				CFFEBB39198F3186005E96BD /* Beatlet1Tests */,
				CFFEBB19198F3186005E96BD /* Frameworks */,
				CFFEBB18198F3186005E96BD /* Products */,
			);
			sourceTree = "<group>";
		};
		CFFEBB18198F3186005E96BD /* Products */ = {
			isa = PBXGroup;
			children = (
				CFFEBB17198F3186005E96BD /* Beatlet1.app */,
				CFFEBB32198F3186005E96BD /* Beatlet1Tests.xctest */,
			);
			name = Products;
			sourceTree = "<group>";
		};
		CFFEBB19198F3186005E96BD /* Frameworks */ = {
			isa = PBXGroup;
			children = (
				CF11507F1A11FEEB00D34042 /* SpeechKit.framework */,
				CF114FA41A11FEA400D34042 /* AVFoundation.framework */,
				CFD84D62198F6CA8006019B8 /* AudioToolbox.framework */,
				CFD84D63198F6CA8006019B8 /* CFNetwork.framework */,
				CFD84D64198F6CA8006019B8 /* CoreLocation.framework */,
				CFD84D65198F6CA8006019B8 /* libz.1.1.3.dylib */,
				CFD84D66198F6CA8006019B8 /* MobileCoreServices.framework */,
				CFD84D67198F6CA8006019B8 /* QuartzCore.framework */,
				CFD84D68198F6CA8006019B8 /* Security.framework */,
				CFD84D69198F6CA8006019B8 /* StoreKit.framework */,
				CFD84D6A198F6CA8006019B8 /* SystemConfiguration.framework */,
				CFD84D60198F6C4F006019B8 /* Parse.framework */,
				CFFEBB1A198F3186005E96BD /* Foundation.framework */,
				CFFEBB1C198F3186005E96BD /* CoreGraphics.framework */,
				CFFEBB1E198F3186005E96BD /* UIKit.framework */,
				CFFEBB33198F3186005E96BD /* XCTest.framework */,
			);
			name = Frameworks;
			sourceTree = "<group>";
		};
		CFFEBB20198F3186005E96BD /* Beatlet1 */ = {
			isa = PBXGroup;
			children = (
				8A0DC0711A3008CC001C6130 /* BarcoderViewController.h */,
				8A0DC0721A3008CC001C6130 /* BarcoderViewController.m */,
				CF3673BF1A14A7140052F73D /* dislike.png */,
				CF7CD3471A13184D004F809E /* GCDAsyncSocket.h */,
				CF58E94219F592E800D1962E /* SettingsViewController.h */,
				CF58E94319F592E800D1962E /* SettingsViewController.m */,
				CF58E93F19F5929A00D1962E /* Barcode.h */,
				CF58E94019F5929A00D1962E /* Barcode.m */,
				CF58E93C19F5927400D1962E /* ScannerViewController.h */,
				CF58E93D19F5927400D1962E /* ScannerViewController.m */,
				CFB75725198F4A3C007226E7 /* ListViewController.h */,
				CFB75726198F4A3C007226E7 /* ListViewController.m */,
				CFB75728198F4A4C007226E7 /* RegisterViewController.h */,
				CFB75729198F4A4C007226E7 /* RegisterViewController.m */,
				CFCFE9A51992080E0099E9DA /* EditFriendsViewController.h */,
				CFCFE9A61992080E0099E9DA /* EditFriendsViewController.m */,
				CFCFE9A81992159D0099E9DA /* FriendsViewController.h */,
				CFCFE9A91992159D0099E9DA /* FriendsViewController.m */,
				CFFEBB69198F4621005E96BD /* CatalogViewController.h */,
				CFFEBB6A198F4621005E96BD /* CatalogViewController.m */,
				CFFEBB6B198F4621005E96BD /* CatalogViewController.xib */,
				CFFEBB29198F3186005E96BD /* Beatlet_PrototypeAppDelegate.h */,
				CFFEBB2A198F3186005E96BD /* Beatlet_PrototypeAppDelegate.m */,
				CFFEBB2C198F3186005E96BD /* Images.xcassets */,
				CFFEBB21198F3186005E96BD /* Supporting Files */,
				CF560F3C19F5D0850084F3E3 /* OracleViewController.h */,
				CF560F3D19F5D0850084F3E3 /* OracleViewController.m */,
				CF6719FC19F7473D0074EC10 /* TabBarViewController.h */,
				CF6719FD19F7473D0074EC10 /* TabBarViewController.m */,
				CF021AA81A2513A700EF0353 /* CartTableViewController.h */,
				CF021AA91A2513A700EF0353 /* CartTableViewController.m */,
			);
			path = Beatlet1;
			sourceTree = "<group>";
		};
		CFFEBB21198F3186005E96BD /* Supporting Files */ = {
			isa = PBXGroup;
			children = (
				CFFEBB22198F3186005E96BD /* Beatlet1-Info.plist */,
				CFFEBB23198F3186005E96BD /* InfoPlist.strings */,
				CFFEBB26198F3186005E96BD /* main.m */,
				CFFEBB28198F3186005E96BD /* Beatlet1-Prefix.pch */,
			);
			name = "Supporting Files";
			sourceTree = "<group>";
		};
		CFFEBB39198F3186005E96BD /* Beatlet1Tests */ = {
			isa = PBXGroup;
			children = (
				CFFEBB3F198F3186005E96BD /* Beatlet1Tests.m */,
				CFFEBB3A198F3186005E96BD /* Supporting Files */,
			);
			path = Beatlet1Tests;
			sourceTree = "<group>";
		};
		CFFEBB3A198F3186005E96BD /* Supporting Files */ = {
			isa = PBXGroup;
			children = (
				CFFEBB3B198F3186005E96BD /* Beatlet1Tests-Info.plist */,
				CFFEBB3C198F3186005E96BD /* InfoPlist.strings */,
			);
			name = "Supporting Files";
			sourceTree = "<group>";
		};
		CFFEBB4B198F34B6005E96BD /* tab_bar_icons */ = {
			isa = PBXGroup;
			children = (
				8AB62AE81A277A0E008A94B3 /* creme_brulee.jpg */,
				CF021AAF1A25172400EF0353 /* genius_icon_small.png */,
				CF021AAD1A2516ED00EF0353 /* genius_icon.png */,
				CF3673C51A14AE5E0052F73D /* stop.png */,
				CF3673C31A14AAEE0052F73D /* catalog.png */,
				CF1150811A1210C300D34042 /* record1.png */,
				CF1150821A1210C300D34042 /* record.png */,
				CFD57D5519F88B36005E41B8 /* storeacle1.png */,
				CF6719F519F61A730074EC10 /* storeacle.png */,
				CF560F2E19F5C83B0084F3E3 /* Microphone-icon.png */,
				CF58E94D19F5C00700D1962E /* carter.png */,
				CF58E94B19F5BF9500D1962E /* Question_mark.png */,
				CF58E94919F5993300D1962E /* cart.png */,
				CF58E94719F598CA00D1962E /* side-menu-cart.png */,
				CF58E94519F5988D00D1962E /* barcode.png */,
				CFFEBB58198F3538005E96BD /* beats.png */,
				CFFEBB4C198F34B6005E96BD /* camera.png */,
				CFFEBB4D198F34B6005E96BD /* camera@2x.png */,
				CFFEBB4E198F34B6005E96BD /* friends.png */,
				CFFEBB4F198F34B6005E96BD /* friends@2x.png */,
				CFFEBB50198F34B6005E96BD /* inbox.png */,
				CFFEBB51198F34B6005E96BD /* inbox@2x.png */,
			);
			path = tab_bar_icons;
			sourceTree = "<group>";
		};
/* End PBXGroup section */

/* Begin PBXNativeTarget section */
		CFFEBB16198F3185005E96BD /* Beatlet1 */ = {
			isa = PBXNativeTarget;
			buildConfigurationList = CFFEBB43198F3186005E96BD /* Build configuration list for PBXNativeTarget "Beatlet1" */;
			buildPhases = (
				CFFEBB13198F3185005E96BD /* Sources */,
				CFFEBB14198F3185005E96BD /* Frameworks */,
				CFFEBB15198F3185005E96BD /* Resources */,
			);
			buildRules = (
			);
			dependencies = (
			);
			name = Beatlet1;
			productName = Beatlet1;
			productReference = CFFEBB17198F3186005E96BD /* Beatlet1.app */;
			productType = "com.apple.product-type.application";
		};
		CFFEBB31198F3186005E96BD /* Beatlet1Tests */ = {
			isa = PBXNativeTarget;
			buildConfigurationList = CFFEBB46198F3186005E96BD /* Build configuration list for PBXNativeTarget "Beatlet1Tests" */;
			buildPhases = (
				CFFEBB2E198F3186005E96BD /* Sources */,
				CFFEBB2F198F3186005E96BD /* Frameworks */,
				CFFEBB30198F3186005E96BD /* Resources */,
			);
			buildRules = (
			);
			dependencies = (
				CFFEBB38198F3186005E96BD /* PBXTargetDependency */,
			);
			name = Beatlet1Tests;
			productName = Beatlet1Tests;
			productReference = CFFEBB32198F3186005E96BD /* Beatlet1Tests.xctest */;
			productType = "com.apple.product-type.bundle.unit-test";
		};
/* End PBXNativeTarget section */

/* Begin PBXProject section */
		CFFEBB0F198F3185005E96BD /* Project object */ = {
			isa = PBXProject;
			attributes = {
				CLASSPREFIX = Beatlet.Prototype;
				LastUpgradeCheck = 0510;
				ORGANIZATIONNAME = "Sudev Bohra";
				TargetAttributes = {
					CFFEBB31198F3186005E96BD = {
						TestTargetID = CFFEBB16198F3185005E96BD;
					};
				};
			};
			buildConfigurationList = CFFEBB12198F3185005E96BD /* Build configuration list for PBXProject "Beatlet1" */;
			compatibilityVersion = "Xcode 3.2";
			developmentRegion = English;
			hasScannedForEncodings = 0;
			knownRegions = (
				en,
				Base,
			);
			mainGroup = CFFEBB0E198F3185005E96BD;
			productRefGroup = CFFEBB18198F3186005E96BD /* Products */;
			projectDirPath = "";
			projectRoot = "";
			targets = (
				CFFEBB16198F3185005E96BD /* Beatlet1 */,
				CFFEBB31198F3186005E96BD /* Beatlet1Tests */,
			);
		};
/* End PBXProject section */

/* Begin PBXResourcesBuildPhase section */
		CFFEBB15198F3185005E96BD /* Resources */ = {
			isa = PBXResourcesBuildPhase;
			buildActionMask = 2147483647;
			files = (
				8A0DC0651A2DBDF6001C6130 /* 41y%2B28yjoTL.jpg in Resources */,
				CF560F2F19F5C83B0084F3E3 /* Microphone-icon.png in Resources */,
				8A0DC03A1A2DB7D8001C6130 /* 31S%2B2GIZObL.jpg in Resources */,
				8A0DC06A1A2DBDF6001C6130 /* 41cHVop1j%2BL.jpg in Resources */,
				8A0DC04D1A2DB7D8001C6130 /* 61rvu9eUiXL.jpg in Resources */,
				CF3673C41A14AAEE0052F73D /* catalog.png in Resources */,
				8A0DC0631A2DBDF6001C6130 /* 51Wf1sLMaKL.jpg in Resources */,
				CFFEBB25198F3186005E96BD /* InfoPlist.strings in Resources */,
				8A0DC05F1A2DBDF6001C6130 /* 416hB63JUPL.jpg in Resources */,
				8A0DC0611A2DBDF6001C6130 /* 410WBREF71L.jpg in Resources */,
				8A0DC03F1A2DB7D8001C6130 /* 41qF-m0vZkL.jpg in Resources */,
				CFFEBB54198F34B6005E96BD /* friends.png in Resources */,
				8A0DC0491A2DB7D8001C6130 /* 51HyupvuV%2BL.jpg in Resources */,
				8A0DC0391A2DB7D8001C6130 /* 312%2BUXh7C8L.jpg in Resources */,
				8A0DC0471A2DB7D8001C6130 /* 51GafNKOBmL.jpg in Resources */,
				8A0DC0671A2DBDF6001C6130 /* 41Iw5pUfTPL.jpg in Resources */,
				8A0DC03B1A2DB7D8001C6130 /* 412WftTrYqL.jpg in Resources */,
				CFFEBB55198F34B6005E96BD /* friends@2x.png in Resources */,
				8A0DC03D1A2DB7D8001C6130 /* 41kLYA8cP4L.jpg in Resources */,
				CF58E94819F598CA00D1962E /* side-menu-cart.png in Resources */,
				8A0DC0421A2DB7D8001C6130 /* 41WcY-diReL.jpg in Resources */,
				8A0DC0441A2DB7D8001C6130 /* 41XiCTi5jML.jpg in Resources */,
				CFFEBB53198F34B6005E96BD /* camera@2x.png in Resources */,
				CFFEBB56198F34B6005E96BD /* inbox.png in Resources */,
				CFFEBB6D198F4621005E96BD /* CatalogViewController.xib in Resources */,
				8A0DC03E1A2DB7D8001C6130 /* 41n0Os9KHLL.jpg in Resources */,
				CF58E94A19F5993300D1962E /* cart.png in Resources */,
				CF58E94619F5988D00D1962E /* barcode.png in Resources */,
				8A0DC0401A2DB7D8001C6130 /* 41S8vG7rQlL.jpg in Resources */,
				CF1150831A1210C300D34042 /* record1.png in Resources */,
				CFFEBB2D198F3186005E96BD /* Images.xcassets in Resources */,
				CF021AAE1A2516ED00EF0353 /* genius_icon.png in Resources */,
				8A0DC0641A2DBDF6001C6130 /* 51NpdYpNDpL.jpg in Resources */,
				CF3673C01A14A7140052F73D /* dislike.png in Resources */,
				CFFEBB52198F34B6005E96BD /* camera.png in Resources */,
				CFD57D5619F88B36005E41B8 /* storeacle1.png in Resources */,
				8A0DC04C1A2DB7D8001C6130 /* 61NyCTvbKzL.jpg in Resources */,
				8A0DC0451A2DB7D8001C6130 /* 512JkxYKsTL.jpg in Resources */,
				CFFEBB4A198F31B6005E96BD /* Storyboard.storyboard in Resources */,
				8A0DC0621A2DBDF6001C6130 /* 316JNzLx9mL.jpg in Resources */,
				CF3673BE1A14A3ED0052F73D /* Images.xcassets in Resources */,
				8A0DC06E1A2DBDF6001C6130 /* 31%2BA88eZVBL.jpg in Resources */,
				8A0DC0601A2DBDF6001C6130 /* 411ez6ixZ2L.jpg in Resources */,
				8A0DC0661A2DBDF6001C6130 /* 41SW9cl3PdL.jpg in Resources */,
				8A0DC0461A2DB7D8001C6130 /* 51ElcbVgySL.jpg in Resources */,
				8A0DC0431A2DB7D8001C6130 /* 41WuBlF4IUL.jpg in Resources */,
				CFFEBB57198F34B6005E96BD /* inbox@2x.png in Resources */,
				CF021AB01A25172400EF0353 /* genius_icon_small.png in Resources */,
				8A0DC0691A2DBDF6001C6130 /* 41d8r2ivekL.jpg in Resources */,
				CF1150841A1210C300D34042 /* record.png in Resources */,
				8A0DC06C1A2DBDF6001C6130 /* 31FRT1bKsFL.jpg in Resources */,
				8A0DC03C1A2DB7D8001C6130 /* 41GnOUIbWOL.jpg in Resources */,
				8A0DC0681A2DBDF6001C6130 /* 41Dl4hOnNVL.jpg in Resources */,
				CF6719F619F61A730074EC10 /* storeacle.png in Resources */,
				CF3673C61A14AE5E0052F73D /* stop.png in Resources */,
				CF58E94C19F5BF9500D1962E /* Question_mark.png in Resources */,
				8A0DC04E1A2DB7D8001C6130 /* hello.jpg in Resources */,
				8A0DC06D1A2DBDF6001C6130 /* 31e0PRO0Q%2BL.jpg in Resources */,
				8A0DC06B1A2DBDF6001C6130 /* 31OPiySfkXL.jpg in Resources */,
				8A0DC04A1A2DB7D8001C6130 /* 51ulDPIMv7L.jpg in Resources */,
				8A0DC0411A2DB7D8001C6130 /* 41VsLpRfqpL.jpg in Resources */,
				8AB62AE91A277A0E008A94B3 /* creme_brulee.jpg in Resources */,
				8A0DC0481A2DB7D8001C6130 /* 51Gzb7dY37L.jpg in Resources */,
				CF58E94E19F5C00700D1962E /* carter.png in Resources */,
				CFFEBB59198F3538005E96BD /* beats.png in Resources */,
				8A0DC04B1A2DB7D8001C6130 /* 51WW6eiS6BL.jpg in Resources */,
				8A0DC0701A2DBFFA001C6130 /* 41MJ1L75TcL.jpg in Resources */,
			);
			runOnlyForDeploymentPostprocessing = 0;
		};
		CFFEBB30198F3186005E96BD /* Resources */ = {
			isa = PBXResourcesBuildPhase;
			buildActionMask = 2147483647;
			files = (
				CFFEBB3E198F3186005E96BD /* InfoPlist.strings in Resources */,
			);
			runOnlyForDeploymentPostprocessing = 0;
		};
/* End PBXResourcesBuildPhase section */

/* Begin PBXSourcesBuildPhase section */
		CFFEBB13198F3185005E96BD /* Sources */ = {
			isa = PBXSourcesBuildPhase;
			buildActionMask = 2147483647;
			files = (
				CF021AAA1A2513A700EF0353 /* CartTableViewController.m in Sources */,
				CFB7572A198F4A4C007226E7 /* RegisterViewController.m in Sources */,
				CFFEBB27198F3186005E96BD /* main.m in Sources */,
				CF560F3E19F5D0850084F3E3 /* OracleViewController.m in Sources */,
				CF3673BB1A14A2270052F73D /* RSTMALLImageView.m in Sources */,
				CFCFE9AA1992159D0099E9DA /* FriendsViewController.m in Sources */,
				CF6719FE19F7473D0074EC10 /* TabBarViewController.m in Sources */,
				CF3673BA1A14A2270052F73D /* RSTMALLData.m in Sources */,
				CF58E93E19F5927400D1962E /* ScannerViewController.m in Sources */,
				CFFEBB2B198F3186005E96BD /* Beatlet_PrototypeAppDelegate.m in Sources */,
				8A0DC0731A3008CC001C6130 /* BarcoderViewController.m in Sources */,
				CFB75727198F4A3C007226E7 /* ListViewController.m in Sources */,
				CFCFE9A71992080F0099E9DA /* EditFriendsViewController.m in Sources */,
				CF58E94419F592E800D1962E /* SettingsViewController.m in Sources */,
				CF58E94119F5929A00D1962E /* Barcode.m in Sources */,
				CF3673BC1A14A2270052F73D /* RSTMALLTableViewController.m in Sources */,
				CF3673B91A14A2270052F73D /* RSTMALLCell.m in Sources */,
				CFFEBB6C198F4621005E96BD /* CatalogViewController.m in Sources */,
			);
			runOnlyForDeploymentPostprocessing = 0;
		};
		CFFEBB2E198F3186005E96BD /* Sources */ = {
			isa = PBXSourcesBuildPhase;
			buildActionMask = 2147483647;
			files = (
				CFFEBB40198F3186005E96BD /* Beatlet1Tests.m in Sources */,
			);
			runOnlyForDeploymentPostprocessing = 0;
		};
/* End PBXSourcesBuildPhase section */

/* Begin PBXTargetDependency section */
		CFFEBB38198F3186005E96BD /* PBXTargetDependency */ = {
			isa = PBXTargetDependency;
			target = CFFEBB16198F3185005E96BD /* Beatlet1 */;
			targetProxy = CFFEBB37198F3186005E96BD /* PBXContainerItemProxy */;
		};
/* End PBXTargetDependency section */

/* Begin PBXVariantGroup section */
		CFFEBB23198F3186005E96BD /* InfoPlist.strings */ = {
			isa = PBXVariantGroup;
			children = (
				CFFEBB24198F3186005E96BD /* en */,
			);
			name = InfoPlist.strings;
			sourceTree = "<group>";
		};
		CFFEBB3C198F3186005E96BD /* InfoPlist.strings */ = {
			isa = PBXVariantGroup;
			children = (
				CFFEBB3D198F3186005E96BD /* en */,
			);
			name = InfoPlist.strings;
			sourceTree = "<group>";
		};
/* End PBXVariantGroup section */

/* Begin XCBuildConfiguration section */
		CFFEBB41198F3186005E96BD /* Debug */ = {
			isa = XCBuildConfiguration;
			buildSettings = {
				ALWAYS_SEARCH_USER_PATHS = NO;
				CLANG_CXX_LANGUAGE_STANDARD = "gnu++0x";
				CLANG_CXX_LIBRARY = "libc++";
				CLANG_ENABLE_MODULES = YES;
				CLANG_ENABLE_OBJC_ARC = YES;
				CLANG_WARN_BOOL_CONVERSION = YES;
				CLANG_WARN_CONSTANT_CONVERSION = YES;
				CLANG_WARN_DIRECT_OBJC_ISA_USAGE = YES_ERROR;
				CLANG_WARN_EMPTY_BODY = YES;
				CLANG_WARN_ENUM_CONVERSION = YES;
				CLANG_WARN_INT_CONVERSION = YES;
				CLANG_WARN_OBJC_ROOT_CLASS = YES_ERROR;
				CLANG_WARN__DUPLICATE_METHOD_MATCH = YES;
				"CODE_SIGN_IDENTITY[sdk=iphoneos*]" = "iPhone Developer";
				COPY_PHASE_STRIP = NO;
				GCC_C_LANGUAGE_STANDARD = gnu99;
				GCC_DYNAMIC_NO_PIC = NO;
				GCC_OPTIMIZATION_LEVEL = 0;
				GCC_PREPROCESSOR_DEFINITIONS = (
					"DEBUG=1",
					"$(inherited)",
				);
				GCC_SYMBOLS_PRIVATE_EXTERN = NO;
				GCC_WARN_64_TO_32_BIT_CONVERSION = YES;
				GCC_WARN_ABOUT_RETURN_TYPE = YES_ERROR;
				GCC_WARN_UNDECLARED_SELECTOR = YES;
				GCC_WARN_UNINITIALIZED_AUTOS = YES_AGGRESSIVE;
				GCC_WARN_UNUSED_FUNCTION = YES;
				GCC_WARN_UNUSED_VARIABLE = YES;
				IPHONEOS_DEPLOYMENT_TARGET = 7.1;
				ONLY_ACTIVE_ARCH = YES;
				SDKROOT = iphoneos;
			};
			name = Debug;
		};
		CFFEBB42198F3186005E96BD /* Release */ = {
			isa = XCBuildConfiguration;
			buildSettings = {
				ALWAYS_SEARCH_USER_PATHS = NO;
				CLANG_CXX_LANGUAGE_STANDARD = "gnu++0x";
				CLANG_CXX_LIBRARY = "libc++";
				CLANG_ENABLE_MODULES = YES;
				CLANG_ENABLE_OBJC_ARC = YES;
				CLANG_WARN_BOOL_CONVERSION = YES;
				CLANG_WARN_CONSTANT_CONVERSION = YES;
				CLANG_WARN_DIRECT_OBJC_ISA_USAGE = YES_ERROR;
				CLANG_WARN_EMPTY_BODY = YES;
				CLANG_WARN_ENUM_CONVERSION = YES;
				CLANG_WARN_INT_CONVERSION = YES;
				CLANG_WARN_OBJC_ROOT_CLASS = YES_ERROR;
				CLANG_WARN__DUPLICATE_METHOD_MATCH = YES;
				"CODE_SIGN_IDENTITY[sdk=iphoneos*]" = "iPhone Developer";
				COPY_PHASE_STRIP = YES;
				ENABLE_NS_ASSERTIONS = NO;
				GCC_C_LANGUAGE_STANDARD = gnu99;
				GCC_WARN_64_TO_32_BIT_CONVERSION = YES;
				GCC_WARN_ABOUT_RETURN_TYPE = YES_ERROR;
				GCC_WARN_UNDECLARED_SELECTOR = YES;
				GCC_WARN_UNINITIALIZED_AUTOS = YES_AGGRESSIVE;
				GCC_WARN_UNUSED_FUNCTION = YES;
				GCC_WARN_UNUSED_VARIABLE = YES;
				IPHONEOS_DEPLOYMENT_TARGET = 7.1;
				SDKROOT = iphoneos;
				VALIDATE_PRODUCT = YES;
			};
			name = Release;
		};
		CFFEBB44198F3186005E96BD /* Debug */ = {
			isa = XCBuildConfiguration;
			buildSettings = {
				ASSETCATALOG_COMPILER_APPICON_NAME = AppIcon;
				ASSETCATALOG_COMPILER_LAUNCHIMAGE_NAME = LaunchImage;
				FRAMEWORK_SEARCH_PATHS = (
					"$(inherited)",
					"$(PROJECT_DIR)",
					/Users/Sudev/Downloads/DragonMobileSDK_1.4.12,
					2/DragonMobileRecognizer,
					/Users/Sudev/Downloads/DragonMobileSDK_1.4.12,
					2/DragonMobileVocalizer,
					/Users/Sudev/Downloads/DragonMobileSDK_1.4.12,
					2,
					/Users/abdelwahabbourai/Documents/dormsaver/iOS,
					"App/speech/iOS-Speech-To-Text/SpeechToText",
				);
				GCC_PRECOMPILE_PREFIX_HEADER = YES;
				GCC_PREFIX_HEADER = "Beatlet1/Beatlet1-Prefix.pch";
				INFOPLIST_FILE = "Beatlet1/Beatlet1-Info.plist";
				PRODUCT_NAME = "$(TARGET_NAME)";
				TARGETED_DEVICE_FAMILY = 1;
				WRAPPER_EXTENSION = app;
			};
			name = Debug;
		};
		CFFEBB45198F3186005E96BD /* Release */ = {
			isa = XCBuildConfiguration;
			buildSettings = {
				ASSETCATALOG_COMPILER_APPICON_NAME = AppIcon;
				ASSETCATALOG_COMPILER_LAUNCHIMAGE_NAME = LaunchImage;
				FRAMEWORK_SEARCH_PATHS = (
					"$(inherited)",
					"$(PROJECT_DIR)",
					/Users/Sudev/Downloads/DragonMobileSDK_1.4.12,
					2/DragonMobileRecognizer,
					/Users/Sudev/Downloads/DragonMobileSDK_1.4.12,
					2/DragonMobileVocalizer,
					/Users/Sudev/Downloads/DragonMobileSDK_1.4.12,
					2,
					/Users/abdelwahabbourai/Documents/dormsaver/iOS,
					"App/speech/iOS-Speech-To-Text/SpeechToText",
				);
				GCC_PRECOMPILE_PREFIX_HEADER = YES;
				GCC_PREFIX_HEADER = "Beatlet1/Beatlet1-Prefix.pch";
				INFOPLIST_FILE = "Beatlet1/Beatlet1-Info.plist";
				PRODUCT_NAME = "$(TARGET_NAME)";
				TARGETED_DEVICE_FAMILY = 1;
				WRAPPER_EXTENSION = app;
			};
			name = Release;
		};
		CFFEBB47198F3186005E96BD /* Debug */ = {
			isa = XCBuildConfiguration;
			buildSettings = {
				BUNDLE_LOADER = "$(BUILT_PRODUCTS_DIR)/Beatlet1.app/Beatlet1";
				FRAMEWORK_SEARCH_PATHS = (
					"$(SDKROOT)/Developer/Library/Frameworks",
					"$(inherited)",
					"$(DEVELOPER_FRAMEWORKS_DIR)",
				);
				GCC_PRECOMPILE_PREFIX_HEADER = YES;
				GCC_PREFIX_HEADER = "Beatlet1/Beatlet1-Prefix.pch";
				GCC_PREPROCESSOR_DEFINITIONS = (
					"DEBUG=1",
					"$(inherited)",
				);
				INFOPLIST_FILE = "Beatlet1Tests/Beatlet1Tests-Info.plist";
				PRODUCT_NAME = "$(TARGET_NAME)";
				TEST_HOST = "$(BUNDLE_LOADER)";
				WRAPPER_EXTENSION = xctest;
			};
			name = Debug;
		};
		CFFEBB48198F3186005E96BD /* Release */ = {
			isa = XCBuildConfiguration;
			buildSettings = {
				BUNDLE_LOADER = "$(BUILT_PRODUCTS_DIR)/Beatlet1.app/Beatlet1";
				FRAMEWORK_SEARCH_PATHS = (
					"$(SDKROOT)/Developer/Library/Frameworks",
					"$(inherited)",
					"$(DEVELOPER_FRAMEWORKS_DIR)",
				);
				GCC_PRECOMPILE_PREFIX_HEADER = YES;
				GCC_PREFIX_HEADER = "Beatlet1/Beatlet1-Prefix.pch";
				INFOPLIST_FILE = "Beatlet1Tests/Beatlet1Tests-Info.plist";
				PRODUCT_NAME = "$(TARGET_NAME)";
				TEST_HOST = "$(BUNDLE_LOADER)";
				WRAPPER_EXTENSION = xctest;
			};
			name = Release;
		};
/* End XCBuildConfiguration section */

/* Begin XCConfigurationList section */
		CFFEBB12198F3185005E96BD /* Build configuration list for PBXProject "Beatlet1" */ = {
			isa = XCConfigurationList;
			buildConfigurations = (
				CFFEBB41198F3186005E96BD /* Debug */,
				CFFEBB42198F3186005E96BD /* Release */,
			);
			defaultConfigurationIsVisible = 0;
			defaultConfigurationName = Release;
		};
		CFFEBB43198F3186005E96BD /* Build configuration list for PBXNativeTarget "Beatlet1" */ = {
			isa = XCConfigurationList;
			buildConfigurations = (
				CFFEBB44198F3186005E96BD /* Debug */,
				CFFEBB45198F3186005E96BD /* Release */,
			);
			defaultConfigurationIsVisible = 0;
			defaultConfigurationName = Release;
		};
		CFFEBB46198F3186005E96BD /* Build configuration list for PBXNativeTarget "Beatlet1Tests" */ = {
			isa = XCConfigurationList;
			buildConfigurations = (
				CFFEBB47198F3186005E96BD /* Debug */,
				CFFEBB48198F3186005E96BD /* Release */,
			);
			defaultConfigurationIsVisible = 0;
			defaultConfigurationName = Release;
		};
/* End XCConfigurationList section */
	};
	rootObject = CFFEBB0F198F3185005E96BD /* Project object */;
}
